
Microsoft Visual Studio Solution File, Format Version 12.00
# Visual Studio Version 17
VisualStudioVersion = 17.2.32516.85
MinimumVisualStudioVersion = 10.0.40219.1
Project("{FAE04EC0-301F-11D3-BF4B-00C04F79EFBC}") = "CodeFirst", "CodeFirst.csproj", "{DCF6F4DC-C862-4897-B8A7-270D7C3F3832}"
EndProject
Global
	GlobalSection(SolutionConfigurationPlatforms) = preSolution
		Debug|Any CPU = Debug|Any CPU
		Release|Any CPU = Release|Any CPU
	EndGlobalSection
	GlobalSection(ProjectConfigurationPlatforms) = postSolution
		{DCF6F4DC-C862-4897-B8A7-270D7C3F3832}.Debug|Any CPU.ActiveCfg = Debug|Any CPU
		{DCF6F4DC-C862-4897-B8A7-270D7C3F3832}.Debug|Any CPU.Build.0 = Debug|Any CPU
		{DCF6F4DC-C862-4897-B8A7-270D7C3F3832}.Release|Any CPU.ActiveCfg = Release|Any CPU
		{DCF6F4DC-C862-4897-B8A7-270D7C3F3832}.Release|Any CPU.Build.0 = Release|Any CPU
	EndGlobalSection
	GlobalSection(SolutionProperties) = preSolution
		HideSolutionNode = FALSE
	EndGlobalSection
	GlobalSection(ExtensibilityGlobals) = postSolution
		SolutionGuid = {9D28656C-FD52-45D8-BD5E-61B8804039C1}
	EndGlobalSection
EndGlobal
